
Microsoft Visual Studio Solution File, Format Version 12.00
# Visual Studio Version 17
VisualStudioVersion = 17.9.34902.65
MinimumVisualStudioVersion = 10.0.40219.1
Project("{FAE04EC0-301F-11D3-BF4B-00C04F79EFBC}") = "HomeWork6", "HomeWork6\HomeWork6.csproj", "{C2D0B591-385C-4FFA-835D-4BB610EB799E}"
EndProject
Global
	GlobalSection(SolutionConfigurationPlatforms) = preSolution
		Debug|Any CPU = Debug|Any CPU
		Release|Any CPU = Release|Any CPU
	EndGlobalSection
	GlobalSection(ProjectConfigurationPlatforms) = postSolution
		{C2D0B591-385C-4FFA-835D-4BB610EB799E}.Debug|Any CPU.ActiveCfg = Debug|Any CPU
		{C2D0B591-385C-4FFA-835D-4BB610EB799E}.Debug|Any CPU.Build.0 = Debug|Any CPU
		{C2D0B591-385C-4FFA-835D-4BB610EB799E}.Release|Any CPU.ActiveCfg = Release|Any CPU
		{C2D0B591-385C-4FFA-835D-4BB610EB799E}.Release|Any CPU.Build.0 = Release|Any CPU
	EndGlobalSection
	GlobalSection(SolutionProperties) = preSolution
		HideSolutionNode = FALSE
	EndGlobalSection
	GlobalSection(ExtensibilityGlobals) = postSolution
		SolutionGuid = {218499C5-260C-4B7D-98DC-21F455B273C4}
	EndGlobalSection
EndGlobal
